
Microsoft Visual Studio Solution File, Format Version 12.00
# Visual Studio Version 17
VisualStudioVersion = 17.14.36414.22 d17.14
MinimumVisualStudioVersion = 10.0.40219.1
Project("{FAE04EC0-301F-11D3-BF4B-00C04F79EFBC}") = "RedoclyDemo", "RedoclyDemo\RedoclyDemo.csproj", "{3310B290-42F6-416B-9B33-C4D9755863F6}"
EndProject
Global
	GlobalSection(SolutionConfigurationPlatforms) = preSolution
		Debug|Any CPU = Debug|Any CPU
		Release|Any CPU = Release|Any CPU
	EndGlobalSection
	GlobalSection(ProjectConfigurationPlatforms) = postSolution
		{3310B290-42F6-416B-9B33-C4D9755863F6}.Debug|Any CPU.ActiveCfg = Debug|Any CPU
		{3310B290-42F6-416B-9B33-C4D9755863F6}.Debug|Any CPU.Build.0 = Debug|Any CPU
		{3310B290-42F6-416B-9B33-C4D9755863F6}.Release|Any CPU.ActiveCfg = Release|Any CPU
		{3310B290-42F6-416B-9B33-C4D9755863F6}.Release|Any CPU.Build.0 = Release|Any CPU
	EndGlobalSection
	GlobalSection(SolutionProperties) = preSolution
		HideSolutionNode = FALSE
	EndGlobalSection
	GlobalSection(ExtensibilityGlobals) = postSolution
		SolutionGuid = {5A42F720-CAC5-49AB-98D2-1401445D0160}
	EndGlobalSection
EndGlobal
